
Microsoft Visual Studio Solution File, Format Version 12.00
# Visual Studio Version 16
VisualStudioVersion = 16.0.30804.86
MinimumVisualStudioVersion = 10.0.40219.1
Project("{FAE04EC0-301F-11D3-BF4B-00C04F79EFBC}") = "Calismalar", "Calismalar\Calismalar.csproj", "{DDFAEECE-EE70-40DE-A0FD-51B2635C4D52}"
EndProject
Global
	GlobalSection(SolutionConfigurationPlatforms) = preSolution
		Debug|Any CPU = Debug|Any CPU
		Release|Any CPU = Release|Any CPU
	EndGlobalSection
	GlobalSection(ProjectConfigurationPlatforms) = postSolution
		{DDFAEECE-EE70-40DE-A0FD-51B2635C4D52}.Debug|Any CPU.ActiveCfg = Debug|Any CPU
		{DDFAEECE-EE70-40DE-A0FD-51B2635C4D52}.Debug|Any CPU.Build.0 = Debug|Any CPU
		{DDFAEECE-EE70-40DE-A0FD-51B2635C4D52}.Release|Any CPU.ActiveCfg = Release|Any CPU
		{DDFAEECE-EE70-40DE-A0FD-51B2635C4D52}.Release|Any CPU.Build.0 = Release|Any CPU
	EndGlobalSection
	GlobalSection(SolutionProperties) = preSolution
		HideSolutionNode = FALSE
	EndGlobalSection
	GlobalSection(ExtensibilityGlobals) = postSolution
		SolutionGuid = {38EF8E5E-E114-4607-945B-B9A26C315147}
	EndGlobalSection
EndGlobal
